
Microsoft Visual Studio Solution File, Format Version 12.00
# Visual Studio 14
VisualStudioVersion = 14.0.25029.0
MinimumVisualStudioVersion = 10.0.40219.1
Project("{FAE04EC0-301F-11D3-BF4B-00C04F79EFBC}") = "IoCWebApi", "IoCWebApi\IoCWebApi.csproj", "{5E8A9FA4-636D-4335-82AD-D2EEBCB0A0DA}"
EndProject
Project("{FAE04EC0-301F-11D3-BF4B-00C04F79EFBC}") = "IoCWebApi.Tests", "IoCWebApi.Tests\IoCWebApi.Tests.csproj", "{BB7570A4-6310-496E-A998-3D907D4AE81F}"
EndProject
Global
	GlobalSection(SolutionConfigurationPlatforms) = preSolution
		Debug|Any CPU = Debug|Any CPU
		Release|Any CPU = Release|Any CPU
	EndGlobalSection
	GlobalSection(ProjectConfigurationPlatforms) = postSolution
		{5E8A9FA4-636D-4335-82AD-D2EEBCB0A0DA}.Debug|Any CPU.ActiveCfg = Debug|Any CPU
		{5E8A9FA4-636D-4335-82AD-D2EEBCB0A0DA}.Debug|Any CPU.Build.0 = Debug|Any CPU
		{5E8A9FA4-636D-4335-82AD-D2EEBCB0A0DA}.Release|Any CPU.ActiveCfg = Release|Any CPU
		{5E8A9FA4-636D-4335-82AD-D2EEBCB0A0DA}.Release|Any CPU.Build.0 = Release|Any CPU
		{BB7570A4-6310-496E-A998-3D907D4AE81F}.Debug|Any CPU.ActiveCfg = Debug|Any CPU
		{BB7570A4-6310-496E-A998-3D907D4AE81F}.Debug|Any CPU.Build.0 = Debug|Any CPU
		{BB7570A4-6310-496E-A998-3D907D4AE81F}.Release|Any CPU.ActiveCfg = Release|Any CPU
		{BB7570A4-6310-496E-A998-3D907D4AE81F}.Release|Any CPU.Build.0 = Release|Any CPU
	EndGlobalSection
	GlobalSection(SolutionProperties) = preSolution
		HideSolutionNode = FALSE
	EndGlobalSection
EndGlobal
